
Microsoft Visual Studio Solution File, Format Version 12.00
# Visual Studio Version 17
VisualStudioVersion = 17.2.32630.192
MinimumVisualStudioVersion = 10.0.40219.1
Project("{9A19103F-16F7-4668-BE54-9A1E7A4F7556}") = "Geymz.Web", "Geymz.Web\Geymz.Web.csproj", "{CCC607A3-C112-4323-89D9-25E6A6B205DC}"
EndProject
Project("{9A19103F-16F7-4668-BE54-9A1E7A4F7556}") = "TicTacToe", "TicTacToe\TicTacToe.csproj", "{0704E351-DFC5-4901-9F46-127EA0D86799}"
EndProject
Project("{C7167F0D-BC9F-4E6E-AFE1-012C56B48DB5}") = "SimpleTicTacToe", "SimpleTicTacToe\SimpleTicTacToe.wapproj", "{C0B99B8B-F94D-4043-90F3-E0B9214BC22D}"
EndProject
Global
	GlobalSection(SolutionConfigurationPlatforms) = preSolution
		Debug|Any CPU = Debug|Any CPU
		Debug|ARM = Debug|ARM
		Debug|ARM64 = Debug|ARM64
		Debug|x64 = Debug|x64
		Debug|x86 = Debug|x86
		Release|Any CPU = Release|Any CPU
		Release|ARM = Release|ARM
		Release|ARM64 = Release|ARM64
		Release|x64 = Release|x64
		Release|x86 = Release|x86
	EndGlobalSection
	GlobalSection(ProjectConfigurationPlatforms) = postSolution
		{CCC607A3-C112-4323-89D9-25E6A6B205DC}.Debug|Any CPU.ActiveCfg = Debug|Any CPU
		{CCC607A3-C112-4323-89D9-25E6A6B205DC}.Debug|Any CPU.Build.0 = Debug|Any CPU
		{CCC607A3-C112-4323-89D9-25E6A6B205DC}.Debug|ARM.ActiveCfg = Debug|Any CPU
		{CCC607A3-C112-4323-89D9-25E6A6B205DC}.Debug|ARM.Build.0 = Debug|Any CPU
		{CCC607A3-C112-4323-89D9-25E6A6B205DC}.Debug|ARM64.ActiveCfg = Debug|Any CPU
		{CCC607A3-C112-4323-89D9-25E6A6B205DC}.Debug|ARM64.Build.0 = Debug|Any CPU
		{CCC607A3-C112-4323-89D9-25E6A6B205DC}.Debug|x64.ActiveCfg = Debug|Any CPU
		{CCC607A3-C112-4323-89D9-25E6A6B205DC}.Debug|x64.Build.0 = Debug|Any CPU
		{CCC607A3-C112-4323-89D9-25E6A6B205DC}.Debug|x86.ActiveCfg = Debug|Any CPU
		{CCC607A3-C112-4323-89D9-25E6A6B205DC}.Debug|x86.Build.0 = Debug|Any CPU
		{CCC607A3-C112-4323-89D9-25E6A6B205DC}.Release|Any CPU.ActiveCfg = Release|Any CPU
		{CCC607A3-C112-4323-89D9-25E6A6B205DC}.Release|Any CPU.Build.0 = Release|Any CPU
		{CCC607A3-C112-4323-89D9-25E6A6B205DC}.Release|ARM.ActiveCfg = Release|Any CPU
		{CCC607A3-C112-4323-89D9-25E6A6B205DC}.Release|ARM.Build.0 = Release|Any CPU
		{CCC607A3-C112-4323-89D9-25E6A6B205DC}.Release|ARM64.ActiveCfg = Release|Any CPU
		{CCC607A3-C112-4323-89D9-25E6A6B205DC}.Release|ARM64.Build.0 = Release|Any CPU
		{CCC607A3-C112-4323-89D9-25E6A6B205DC}.Release|x64.ActiveCfg = Release|Any CPU
		{CCC607A3-C112-4323-89D9-25E6A6B205DC}.Release|x64.Build.0 = Release|Any CPU
		{CCC607A3-C112-4323-89D9-25E6A6B205DC}.Release|x86.ActiveCfg = Release|Any CPU
		{CCC607A3-C112-4323-89D9-25E6A6B205DC}.Release|x86.Build.0 = Release|Any CPU
		{0704E351-DFC5-4901-9F46-127EA0D86799}.Debug|Any CPU.ActiveCfg = Debug|Any CPU
		{0704E351-DFC5-4901-9F46-127EA0D86799}.Debug|Any CPU.Build.0 = Debug|Any CPU
		{0704E351-DFC5-4901-9F46-127EA0D86799}.Debug|ARM.ActiveCfg = Debug|Any CPU
		{0704E351-DFC5-4901-9F46-127EA0D86799}.Debug|ARM.Build.0 = Debug|Any CPU
		{0704E351-DFC5-4901-9F46-127EA0D86799}.Debug|ARM64.ActiveCfg = Debug|Any CPU
		{0704E351-DFC5-4901-9F46-127EA0D86799}.Debug|ARM64.Build.0 = Debug|Any CPU
		{0704E351-DFC5-4901-9F46-127EA0D86799}.Debug|x64.ActiveCfg = Debug|Any CPU
		{0704E351-DFC5-4901-9F46-127EA0D86799}.Debug|x64.Build.0 = Debug|Any CPU
		{0704E351-DFC5-4901-9F46-127EA0D86799}.Debug|x86.ActiveCfg = Debug|Any CPU
		{0704E351-DFC5-4901-9F46-127EA0D86799}.Debug|x86.Build.0 = Debug|Any CPU
		{0704E351-DFC5-4901-9F46-127EA0D86799}.Release|Any CPU.ActiveCfg = Release|Any CPU
		{0704E351-DFC5-4901-9F46-127EA0D86799}.Release|Any CPU.Build.0 = Release|Any CPU
		{0704E351-DFC5-4901-9F46-127EA0D86799}.Release|ARM.ActiveCfg = Release|Any CPU
		{0704E351-DFC5-4901-9F46-127EA0D86799}.Release|ARM.Build.0 = Release|Any CPU
		{0704E351-DFC5-4901-9F46-127EA0D86799}.Release|ARM64.ActiveCfg = Release|Any CPU
		{0704E351-DFC5-4901-9F46-127EA0D86799}.Release|ARM64.Build.0 = Release|Any CPU
		{0704E351-DFC5-4901-9F46-127EA0D86799}.Release|x64.ActiveCfg = Release|Any CPU
		{0704E351-DFC5-4901-9F46-127EA0D86799}.Release|x64.Build.0 = Release|Any CPU
		{0704E351-DFC5-4901-9F46-127EA0D86799}.Release|x86.ActiveCfg = Release|Any CPU
		{0704E351-DFC5-4901-9F46-127EA0D86799}.Release|x86.Build.0 = Release|Any CPU
		{C0B99B8B-F94D-4043-90F3-E0B9214BC22D}.Debug|Any CPU.ActiveCfg = Debug|Any CPU
		{C0B99B8B-F94D-4043-90F3-E0B9214BC22D}.Debug|Any CPU.Build.0 = Debug|Any CPU
		{C0B99B8B-F94D-4043-90F3-E0B9214BC22D}.Debug|Any CPU.Deploy.0 = Debug|Any CPU
		{C0B99B8B-F94D-4043-90F3-E0B9214BC22D}.Debug|ARM.ActiveCfg = Debug|ARM
		{C0B99B8B-F94D-4043-90F3-E0B9214BC22D}.Debug|ARM.Build.0 = Debug|ARM
		{C0B99B8B-F94D-4043-90F3-E0B9214BC22D}.Debug|ARM.Deploy.0 = Debug|ARM
		{C0B99B8B-F94D-4043-90F3-E0B9214BC22D}.Debug|ARM64.ActiveCfg = Debug|ARM64
		{C0B99B8B-F94D-4043-90F3-E0B9214BC22D}.Debug|ARM64.Build.0 = Debug|ARM64
		{C0B99B8B-F94D-4043-90F3-E0B9214BC22D}.Debug|ARM64.Deploy.0 = Debug|ARM64
		{C0B99B8B-F94D-4043-90F3-E0B9214BC22D}.Debug|x64.ActiveCfg = Debug|x64
		{C0B99B8B-F94D-4043-90F3-E0B9214BC22D}.Debug|x64.Build.0 = Debug|x64
		{C0B99B8B-F94D-4043-90F3-E0B9214BC22D}.Debug|x64.Deploy.0 = Debug|x64
		{C0B99B8B-F94D-4043-90F3-E0B9214BC22D}.Debug|x86.ActiveCfg = Debug|x86
		{C0B99B8B-F94D-4043-90F3-E0B9214BC22D}.Debug|x86.Build.0 = Debug|x86
		{C0B99B8B-F94D-4043-90F3-E0B9214BC22D}.Debug|x86.Deploy.0 = Debug|x86
		{C0B99B8B-F94D-4043-90F3-E0B9214BC22D}.Release|Any CPU.ActiveCfg = Release|Any CPU
		{C0B99B8B-F94D-4043-90F3-E0B9214BC22D}.Release|Any CPU.Build.0 = Release|Any CPU
		{C0B99B8B-F94D-4043-90F3-E0B9214BC22D}.Release|Any CPU.Deploy.0 = Release|Any CPU
		{C0B99B8B-F94D-4043-90F3-E0B9214BC22D}.Release|ARM.ActiveCfg = Release|ARM
		{C0B99B8B-F94D-4043-90F3-E0B9214BC22D}.Release|ARM.Build.0 = Release|ARM
		{C0B99B8B-F94D-4043-90F3-E0B9214BC22D}.Release|ARM.Deploy.0 = Release|ARM
		{C0B99B8B-F94D-4043-90F3-E0B9214BC22D}.Release|ARM64.ActiveCfg = Release|ARM64
		{C0B99B8B-F94D-4043-90F3-E0B9214BC22D}.Release|ARM64.Build.0 = Release|ARM64
		{C0B99B8B-F94D-4043-90F3-E0B9214BC22D}.Release|ARM64.Deploy.0 = Release|ARM64
		{C0B99B8B-F94D-4043-90F3-E0B9214BC22D}.Release|x64.ActiveCfg = Release|x64
		{C0B99B8B-F94D-4043-90F3-E0B9214BC22D}.Release|x64.Build.0 = Release|x64
		{C0B99B8B-F94D-4043-90F3-E0B9214BC22D}.Release|x64.Deploy.0 = Release|x64
		{C0B99B8B-F94D-4043-90F3-E0B9214BC22D}.Release|x86.ActiveCfg = Release|x86
		{C0B99B8B-F94D-4043-90F3-E0B9214BC22D}.Release|x86.Build.0 = Release|x86
		{C0B99B8B-F94D-4043-90F3-E0B9214BC22D}.Release|x86.Deploy.0 = Release|x86
	EndGlobalSection
	GlobalSection(SolutionProperties) = preSolution
		HideSolutionNode = FALSE
	EndGlobalSection
	GlobalSection(ExtensibilityGlobals) = postSolution
		SolutionGuid = {8FC4FAE9-B880-4A14-BBB3-A431F0604020}
	EndGlobalSection
EndGlobal
